
Microsoft Visual Studio Solution File, Format Version 12.00
# Visual Studio Version 16
VisualStudioVersion = 16.0.29306.81
MinimumVisualStudioVersion = 10.0.40219.1
Project("{FAE04EC0-301F-11D3-BF4B-00C04F79EFBC}") = "Convenctions", "Convenctions\Convenctions.csproj", "{902F4029-CC1C-485E-89A9-A7CDCB29155E}"
EndProject
Global
	GlobalSection(SolutionConfigurationPlatforms) = preSolution
		Debug|Any CPU = Debug|Any CPU
		Release|Any CPU = Release|Any CPU
	EndGlobalSection
	GlobalSection(ProjectConfigurationPlatforms) = postSolution
		{902F4029-CC1C-485E-89A9-A7CDCB29155E}.Debug|Any CPU.ActiveCfg = Debug|Any CPU
		{902F4029-CC1C-485E-89A9-A7CDCB29155E}.Debug|Any CPU.Build.0 = Debug|Any CPU
		{902F4029-CC1C-485E-89A9-A7CDCB29155E}.Release|Any CPU.ActiveCfg = Release|Any CPU
		{902F4029-CC1C-485E-89A9-A7CDCB29155E}.Release|Any CPU.Build.0 = Release|Any CPU
	EndGlobalSection
	GlobalSection(SolutionProperties) = preSolution
		HideSolutionNode = FALSE
	EndGlobalSection
	GlobalSection(ExtensibilityGlobals) = postSolution
		SolutionGuid = {CD7C1C23-1593-43E5-A460-3BFE79C37F46}
	EndGlobalSection
EndGlobal
